
Microsoft Visual Studio Solution File, Format Version 12.00
# Visual Studio Version 17
VisualStudioVersion = 17.13.35818.85
MinimumVisualStudioVersion = 10.0.40219.1
Project("{FAE04EC0-301F-11D3-BF4B-00C04F79EFBC}") = "ConductManagementSystem", "WpfAppV\ConductManagementSystem.csproj", "{4BE48989-5138-447C-8260-1E20C1332008}"
EndProject
Global
	GlobalSection(SolutionConfigurationPlatforms) = preSolution
		Debug|Any CPU = Debug|Any CPU
		Release|Any CPU = Release|Any CPU
	EndGlobalSection
	GlobalSection(ProjectConfigurationPlatforms) = postSolution
		{4BE48989-5138-447C-8260-1E20C1332008}.Debug|Any CPU.ActiveCfg = Debug|Any CPU
		{4BE48989-5138-447C-8260-1E20C1332008}.Debug|Any CPU.Build.0 = Debug|Any CPU
		{4BE48989-5138-447C-8260-1E20C1332008}.Release|Any CPU.ActiveCfg = Release|Any CPU
		{4BE48989-5138-447C-8260-1E20C1332008}.Release|Any CPU.Build.0 = Release|Any CPU
	EndGlobalSection
	GlobalSection(SolutionProperties) = preSolution
		HideSolutionNode = FALSE
	EndGlobalSection
	GlobalSection(ExtensibilityGlobals) = postSolution
		SolutionGuid = {E6AE7404-79B5-4F86-80FC-220BC4E0A146}
	EndGlobalSection
EndGlobal
